
Microsoft Visual Studio Solution File, Format Version 12.00
# Visual Studio Version 17
VisualStudioVersion = 17.5.002.0
MinimumVisualStudioVersion = 10.0.40219.1
Project("{9A19103F-16F7-4668-BE54-9A1E7A4F7556}") = "RichTextEditorSample", "RichTextEditorSample.csproj", "{45762498-CA5D-41D9-9B88-E6733B7E94DB}"
EndProject
Global
	GlobalSection(SolutionConfigurationPlatforms) = preSolution
		Debug|Any CPU = Debug|Any CPU
		Release|Any CPU = Release|Any CPU5
	EndGlobalSection
	GlobalSection(ProjectConfigurationPlatforms) = postSolution
		{45762498-CA5D-41D9-9B88-E6733B7E94DB}.Debug|Any CPU.ActiveCfg = Debug|Any CPU
		{45762498-CA5D-41D9-9B88-E6733B7E94DB}.Debug|Any CPU.Build.0 = Debug|Any CPU
		{45762498-CA5D-41D9-9B88-E6733B7E94DB}.Release|Any CPU.ActiveCfg = Release|Any CPU
		{45762498-CA5D-41D9-9B88-E6733B7E94DB}.Release|Any CPU.Build.0 = Release|Any CPU
	EndGlobalSection
	GlobalSection(SolutionProperties) = preSolution
		HideSolutionNode = FALSE
	EndGlobalSection
	GlobalSection(ExtensibilityGlobals) = postSolution
		SolutionGuid = {0C21D0DE-830F-4E48-BB0B-1AAEC50E1166}
	EndGlobalSection
EndGlobal
